{
  "requires": true,
  "lockfileVersion": 1,
  "dependencies": {
    "break": {
      "version": "1.0.2",
      "resolved": "https://registry.npmjs.org/break/-/break-1.0.2.tgz",
      "integrity": "sha512-053eqcdVb/Sp7cGHjNqov+o3rIx15WfZrQ5MMu874lv8y62+/Xj3fsErq2VnMTu9L9gv9DLSJOnpHh3FgWWUBQ==",
      "requires": {
        "inherits": "^2.0.1"
      }
    },
    "inherits": {
      "version": "2.0.4",
      "resolved": "https://registry.npmjs.org/inherits/-/inherits-2.0.4.tgz",
      "integrity": "sha512-k/vGaX4/Yla3WzyMCvTQOXYeIHvqOKtnqBduzTHpzpQZzAskKMhZ2K+EnBiSM9zGSoIFeMpXKxa4dYeZIQqewQ=="
    }
  }
}
